// !$*UTF8*$!
{
	archiveVersion = 1;
	classes = {
	};
	objectVersion = 51;
	objects = {

/* Begin PBXBuildFile section */
		8451DA2D0E13237BADF9E883 /* Pods_NEWSTests.framework in Frameworks */ = {isa = PBXBuildFile; fileRef = 1426CBE4F087D5F2E339CC18 /* Pods_NEWSTests.framework */; };
		A6C1909523A5397C003D37AF /* AppDelegate.swift in Sources */ = {isa = PBXBuildFile; fileRef = A6C1909423A5397C003D37AF /* AppDelegate.swift */; };
		A6C1909723A5397C003D37AF /* ViewController.swift in Sources */ = {isa = PBXBuildFile; fileRef = A6C1909623A5397C003D37AF /* ViewController.swift */; };
		A6C1909A23A5397C003D37AF /* Main.storyboard in Resources */ = {isa = PBXBuildFile; fileRef = A6C1909823A5397C003D37AF /* Main.storyboard */; };
		A6C1909D23A5397C003D37AF /* NEWS.xcdatamodeld in Sources */ = {isa = PBXBuildFile; fileRef = A6C1909B23A5397C003D37AF /* NEWS.xcdatamodeld */; };
		A6C1909F23A5397C003D37AF /* Assets.xcassets in Resources */ = {isa = PBXBuildFile; fileRef = A6C1909E23A5397C003D37AF /* Assets.xcassets */; };
		A6C190A223A5397C003D37AF /* LaunchScreen.storyboard in Resources */ = {isa = PBXBuildFile; fileRef = A6C190A023A5397C003D37AF /* LaunchScreen.storyboard */; };
		A6C190AD23A5397C003D37AF /* NEWSTests.swift in Sources */ = {isa = PBXBuildFile; fileRef = A6C190AC23A5397C003D37AF /* NEWSTests.swift */; };
		A6C190B823A5397C003D37AF /* NEWSUITests.swift in Sources */ = {isa = PBXBuildFile; fileRef = A6C190B723A5397C003D37AF /* NEWSUITests.swift */; };
		A6E7D35523A5CCCB00C76E99 /* AppConfig.swift in Sources */ = {isa = PBXBuildFile; fileRef = A6E7D35323A5CCCA00C76E99 /* AppConfig.swift */; };
		A6E7D35623A5CCCB00C76E99 /* Configuration.plist in Resources */ = {isa = PBXBuildFile; fileRef = A6E7D35423A5CCCA00C76E99 /* Configuration.plist */; };
		A6E7D35923A5D34A00C76E99 /* Extensions.swift in Sources */ = {isa = PBXBuildFile; fileRef = A6E7D35723A5D34A00C76E99 /* Extensions.swift */; };
		A6E7D35A23A5D34A00C76E99 /* Plist.swift in Sources */ = {isa = PBXBuildFile; fileRef = A6E7D35823A5D34A00C76E99 /* Plist.swift */; };
		A6E7D35C23A5D4EC00C76E99 /* NewsAPIProtocol.swift in Sources */ = {isa = PBXBuildFile; fileRef = A6E7D35B23A5D4EC00C76E99 /* NewsAPIProtocol.swift */; };
		A6E7D36323A5D59B00C76E99 /* RestClientError.swift in Sources */ = {isa = PBXBuildFile; fileRef = A6E7D36123A5D59B00C76E99 /* RestClientError.swift */; };
		A6E7D36423A5D59B00C76E99 /* HTTPService.swift in Sources */ = {isa = PBXBuildFile; fileRef = A6E7D36223A5D59B00C76E99 /* HTTPService.swift */; };
		A6E7D36623A65C5D00C76E99 /* NewsAPIResponse.swift in Sources */ = {isa = PBXBuildFile; fileRef = A6E7D36523A65C5D00C76E99 /* NewsAPIResponse.swift */; };
		A6E7D36823A65DA900C76E99 /* Article.swift in Sources */ = {isa = PBXBuildFile; fileRef = A6E7D36723A65DA900C76E99 /* Article.swift */; };
		A6E7D36A23A6600300C76E99 /* Source.swift in Sources */ = {isa = PBXBuildFile; fileRef = A6E7D36923A6600300C76E99 /* Source.swift */; };
		B0A182F1C37E4B36EFBF1521 /* Pods_NEWS_NEWSUITests.framework in Frameworks */ = {isa = PBXBuildFile; fileRef = 8D9108616B1583F5AB8256A6 /* Pods_NEWS_NEWSUITests.framework */; };
		CAF013E597D6EC900C8F734D /* Pods_NEWS.framework in Frameworks */ = {isa = PBXBuildFile; fileRef = 1685316FBE89A11B4672ACFE /* Pods_NEWS.framework */; };
/* End PBXBuildFile section */

/* Begin PBXContainerItemProxy section */
		A6C190A923A5397C003D37AF /* PBXContainerItemProxy */ = {
			isa = PBXContainerItemProxy;
			containerPortal = A6C1908923A5397C003D37AF /* Project object */;
			proxyType = 1;
			remoteGlobalIDString = A6C1909023A5397C003D37AF;
			remoteInfo = NEWS;
		};
		A6C190B423A5397C003D37AF /* PBXContainerItemProxy */ = {
			isa = PBXContainerItemProxy;
			containerPortal = A6C1908923A5397C003D37AF /* Project object */;
			proxyType = 1;
			remoteGlobalIDString = A6C1909023A5397C003D37AF;
			remoteInfo = NEWS;
		};
/* End PBXContainerItemProxy section */

/* Begin PBXFileReference section */
		017D41CE552011FCA817602C /* Pods-NEWS-NEWSUITests.debug.xcconfig */ = {isa = PBXFileReference; includeInIndex = 1; lastKnownFileType = text.xcconfig; name = "Pods-NEWS-NEWSUITests.debug.xcconfig"; path = "Target Support Files/Pods-NEWS-NEWSUITests/Pods-NEWS-NEWSUITests.debug.xcconfig"; sourceTree = "<group>"; };
		04B24953FAAFB37FD5C8EDE9 /* Pods-NEWS.release.xcconfig */ = {isa = PBXFileReference; includeInIndex = 1; lastKnownFileType = text.xcconfig; name = "Pods-NEWS.release.xcconfig"; path = "Target Support Files/Pods-NEWS/Pods-NEWS.release.xcconfig"; sourceTree = "<group>"; };
		1426CBE4F087D5F2E339CC18 /* Pods_NEWSTests.framework */ = {isa = PBXFileReference; explicitFileType = wrapper.framework; includeInIndex = 0; path = Pods_NEWSTests.framework; sourceTree = BUILT_PRODUCTS_DIR; };
		1685316FBE89A11B4672ACFE /* Pods_NEWS.framework */ = {isa = PBXFileReference; explicitFileType = wrapper.framework; includeInIndex = 0; path = Pods_NEWS.framework; sourceTree = BUILT_PRODUCTS_DIR; };
		7550971CC031330B03762A46 /* Pods-NEWSTests.debug.xcconfig */ = {isa = PBXFileReference; includeInIndex = 1; lastKnownFileType = text.xcconfig; name = "Pods-NEWSTests.debug.xcconfig"; path = "Target Support Files/Pods-NEWSTests/Pods-NEWSTests.debug.xcconfig"; sourceTree = "<group>"; };
		8D9108616B1583F5AB8256A6 /* Pods_NEWS_NEWSUITests.framework */ = {isa = PBXFileReference; explicitFileType = wrapper.framework; includeInIndex = 0; path = Pods_NEWS_NEWSUITests.framework; sourceTree = BUILT_PRODUCTS_DIR; };
		8DA64D9060DFD51EE6E2BB6F /* Pods-NEWS.debug.xcconfig */ = {isa = PBXFileReference; includeInIndex = 1; lastKnownFileType = text.xcconfig; name = "Pods-NEWS.debug.xcconfig"; path = "Target Support Files/Pods-NEWS/Pods-NEWS.debug.xcconfig"; sourceTree = "<group>"; };
		A6C1909123A5397C003D37AF /* NEWS.app */ = {isa = PBXFileReference; explicitFileType = wrapper.application; includeInIndex = 0; path = NEWS.app; sourceTree = BUILT_PRODUCTS_DIR; };
		A6C1909423A5397C003D37AF /* AppDelegate.swift */ = {isa = PBXFileReference; lastKnownFileType = sourcecode.swift; path = AppDelegate.swift; sourceTree = "<group>"; };
		A6C1909623A5397C003D37AF /* ViewController.swift */ = {isa = PBXFileReference; lastKnownFileType = sourcecode.swift; path = ViewController.swift; sourceTree = "<group>"; };
		A6C1909923A5397C003D37AF /* Base */ = {isa = PBXFileReference; lastKnownFileType = file.storyboard; name = Base; path = Base.lproj/Main.storyboard; sourceTree = "<group>"; };
		A6C1909C23A5397C003D37AF /* NEWS.xcdatamodel */ = {isa = PBXFileReference; lastKnownFileType = wrapper.xcdatamodel; path = NEWS.xcdatamodel; sourceTree = "<group>"; };
		A6C1909E23A5397C003D37AF /* Assets.xcassets */ = {isa = PBXFileReference; lastKnownFileType = folder.assetcatalog; path = Assets.xcassets; sourceTree = "<group>"; };
		A6C190A123A5397C003D37AF /* Base */ = {isa = PBXFileReference; lastKnownFileType = file.storyboard; name = Base; path = Base.lproj/LaunchScreen.storyboard; sourceTree = "<group>"; };
		A6C190A323A5397C003D37AF /* Info.plist */ = {isa = PBXFileReference; lastKnownFileType = text.plist.xml; path = Info.plist; sourceTree = "<group>"; };
		A6C190A823A5397C003D37AF /* NEWSTests.xctest */ = {isa = PBXFileReference; explicitFileType = wrapper.cfbundle; includeInIndex = 0; path = NEWSTests.xctest; sourceTree = BUILT_PRODUCTS_DIR; };
		A6C190AC23A5397C003D37AF /* NEWSTests.swift */ = {isa = PBXFileReference; lastKnownFileType = sourcecode.swift; path = NEWSTests.swift; sourceTree = "<group>"; };
		A6C190AE23A5397C003D37AF /* Info.plist */ = {isa = PBXFileReference; lastKnownFileType = text.plist.xml; path = Info.plist; sourceTree = "<group>"; };
		A6C190B323A5397C003D37AF /* NEWSUITests.xctest */ = {isa = PBXFileReference; explicitFileType = wrapper.cfbundle; includeInIndex = 0; path = NEWSUITests.xctest; sourceTree = BUILT_PRODUCTS_DIR; };
		A6C190B723A5397C003D37AF /* NEWSUITests.swift */ = {isa = PBXFileReference; lastKnownFileType = sourcecode.swift; path = NEWSUITests.swift; sourceTree = "<group>"; };
		A6C190B923A5397C003D37AF /* Info.plist */ = {isa = PBXFileReference; lastKnownFileType = text.plist.xml; path = Info.plist; sourceTree = "<group>"; };
		A6E7D35323A5CCCA00C76E99 /* AppConfig.swift */ = {isa = PBXFileReference; fileEncoding = 4; lastKnownFileType = sourcecode.swift; path = AppConfig.swift; sourceTree = "<group>"; };
		A6E7D35423A5CCCA00C76E99 /* Configuration.plist */ = {isa = PBXFileReference; fileEncoding = 4; lastKnownFileType = text.plist.xml; path = Configuration.plist; sourceTree = "<group>"; };
		A6E7D35723A5D34A00C76E99 /* Extensions.swift */ = {isa = PBXFileReference; fileEncoding = 4; lastKnownFileType = sourcecode.swift; path = Extensions.swift; sourceTree = "<group>"; };
		A6E7D35823A5D34A00C76E99 /* Plist.swift */ = {isa = PBXFileReference; fileEncoding = 4; lastKnownFileType = sourcecode.swift; path = Plist.swift; sourceTree = "<group>"; };
		A6E7D35B23A5D4EC00C76E99 /* NewsAPIProtocol.swift */ = {isa = PBXFileReference; lastKnownFileType = sourcecode.swift; path = NewsAPIProtocol.swift; sourceTree = "<group>"; };
		A6E7D36123A5D59B00C76E99 /* RestClientError.swift */ = {isa = PBXFileReference; fileEncoding = 4; lastKnownFileType = sourcecode.swift; path = RestClientError.swift; sourceTree = "<group>"; };
		A6E7D36223A5D59B00C76E99 /* HTTPService.swift */ = {isa = PBXFileReference; fileEncoding = 4; lastKnownFileType = sourcecode.swift; path = HTTPService.swift; sourceTree = "<group>"; };
		A6E7D36523A65C5D00C76E99 /* NewsAPIResponse.swift */ = {isa = PBXFileReference; lastKnownFileType = sourcecode.swift; path = NewsAPIResponse.swift; sourceTree = "<group>"; };
		A6E7D36723A65DA900C76E99 /* Article.swift */ = {isa = PBXFileReference; lastKnownFileType = sourcecode.swift; path = Article.swift; sourceTree = "<group>"; };
		A6E7D36923A6600300C76E99 /* Source.swift */ = {isa = PBXFileReference; lastKnownFileType = sourcecode.swift; path = Source.swift; sourceTree = "<group>"; };
		AA9C13B4A4D415A1A4A478B7 /* Pods-NEWS-NEWSUITests.release.xcconfig */ = {isa = PBXFileReference; includeInIndex = 1; lastKnownFileType = text.xcconfig; name = "Pods-NEWS-NEWSUITests.release.xcconfig"; path = "Target Support Files/Pods-NEWS-NEWSUITests/Pods-NEWS-NEWSUITests.release.xcconfig"; sourceTree = "<group>"; };
		D480AC0EB5386D65D04BB519 /* Pods-NEWSTests.release.xcconfig */ = {isa = PBXFileReference; includeInIndex = 1; lastKnownFileType = text.xcconfig; name = "Pods-NEWSTests.release.xcconfig"; path = "Target Support Files/Pods-NEWSTests/Pods-NEWSTests.release.xcconfig"; sourceTree = "<group>"; };
/* End PBXFileReference section */

/* Begin PBXFrameworksBuildPhase section */
		A6C1908E23A5397C003D37AF /* Frameworks */ = {
			isa = PBXFrameworksBuildPhase;
			buildActionMask = 2147483647;
			files = (
				CAF013E597D6EC900C8F734D /* Pods_NEWS.framework in Frameworks */,
			);
			runOnlyForDeploymentPostprocessing = 0;
		};
		A6C190A523A5397C003D37AF /* Frameworks */ = {
			isa = PBXFrameworksBuildPhase;
			buildActionMask = 2147483647;
			files = (
				8451DA2D0E13237BADF9E883 /* Pods_NEWSTests.framework in Frameworks */,
			);
			runOnlyForDeploymentPostprocessing = 0;
		};
		A6C190B023A5397C003D37AF /* Frameworks */ = {
			isa = PBXFrameworksBuildPhase;
			buildActionMask = 2147483647;
			files = (
				B0A182F1C37E4B36EFBF1521 /* Pods_NEWS_NEWSUITests.framework in Frameworks */,
			);
			runOnlyForDeploymentPostprocessing = 0;
		};
/* End PBXFrameworksBuildPhase section */

/* Begin PBXGroup section */
		96161535627643EE143D0A4B /* Frameworks */ = {
			isa = PBXGroup;
			children = (
				1685316FBE89A11B4672ACFE /* Pods_NEWS.framework */,
				8D9108616B1583F5AB8256A6 /* Pods_NEWS_NEWSUITests.framework */,
				1426CBE4F087D5F2E339CC18 /* Pods_NEWSTests.framework */,
			);
			name = Frameworks;
			sourceTree = "<group>";
		};
		A6C1908823A5397C003D37AF = {
			isa = PBXGroup;
			children = (
				A6C1909323A5397C003D37AF /* NEWS */,
				A6C190AB23A5397C003D37AF /* NEWSTests */,
				A6C190B623A5397C003D37AF /* NEWSUITests */,
				A6C1909223A5397C003D37AF /* Products */,
				F6765CC641BC53EDF9342F03 /* Pods */,
				96161535627643EE143D0A4B /* Frameworks */,
			);
			sourceTree = "<group>";
		};
		A6C1909223A5397C003D37AF /* Products */ = {
			isa = PBXGroup;
			children = (
				A6C1909123A5397C003D37AF /* NEWS.app */,
				A6C190A823A5397C003D37AF /* NEWSTests.xctest */,
				A6C190B323A5397C003D37AF /* NEWSUITests.xctest */,
			);
			name = Products;
			sourceTree = "<group>";
		};
		A6C1909323A5397C003D37AF /* NEWS */ = {
			isa = PBXGroup;
			children = (
				A6E7D34023A5C0B900C76E99 /* Application */,
				A6E7D34123A5C0C800C76E99 /* Network */,
				A6E7D34223A5C0D600C76E99 /* View */,
				A6E7D34323A5C0E000C76E99 /* Model */,
				A6E7D34423A5C0E700C76E99 /* ViewModel */,
				A6E7D34523A5C0F900C76E99 /* Utilities */,
				A6E7D34623A5C11300C76E99 /* Resources */,
				A6E7D34723A5C12200C76E99 /* SupportingFiles */,
			);
			path = NEWS;
			sourceTree = "<group>";
		};
		A6C190AB23A5397C003D37AF /* NEWSTests */ = {
			isa = PBXGroup;
			children = (
				A6C190AC23A5397C003D37AF /* NEWSTests.swift */,
				A6C190AE23A5397C003D37AF /* Info.plist */,
			);
			path = NEWSTests;
			sourceTree = "<group>";
		};
		A6C190B623A5397C003D37AF /* NEWSUITests */ = {
			isa = PBXGroup;
			children = (
				A6C190B723A5397C003D37AF /* NEWSUITests.swift */,
				A6C190B923A5397C003D37AF /* Info.plist */,
			);
			path = NEWSUITests;
			sourceTree = "<group>";
		};
		A6E7D34023A5C0B900C76E99 /* Application */ = {
			isa = PBXGroup;
			children = (
				A6C1909423A5397C003D37AF /* AppDelegate.swift */,
				A6E7D35323A5CCCA00C76E99 /* AppConfig.swift */,
				A6E7D35423A5CCCA00C76E99 /* Configuration.plist */,
			);
			path = Application;
			sourceTree = "<group>";
		};
		A6E7D34123A5C0C800C76E99 /* Network */ = {
			isa = PBXGroup;
			children = (
				A6E7D35223A5CBA600C76E99 /* APIProtocols */,
				A6E7D36223A5D59B00C76E99 /* HTTPService.swift */,
				A6E7D36123A5D59B00C76E99 /* RestClientError.swift */,
			);
			path = Network;
			sourceTree = "<group>";
		};
		A6E7D34223A5C0D600C76E99 /* View */ = {
			isa = PBXGroup;
			children = (
				A6E7D35023A5CAB000C76E99 /* ViewControllers */,
				A6E7D34F23A5CAA100C76E99 /* TableViewCells */,
				A6E7D34E23A5CA9600C76E99 /* CollectionViewCells */,
				A6E7D34D23A5CA8B00C76E99 /* Common */,
				A6E7D34C23A5CA7900C76E99 /* Helpers */,
				A6E7D35123A5CAEE00C76E99 /* StoryBoards */,
			);
			path = View;
			sourceTree = "<group>";
		};
		A6E7D34323A5C0E000C76E99 /* Model */ = {
			isa = PBXGroup;
			children = (
				A6C1909B23A5397C003D37AF /* NEWS.xcdatamodeld */,
				A6E7D36523A65C5D00C76E99 /* NewsAPIResponse.swift */,
				A6E7D36723A65DA900C76E99 /* Article.swift */,
				A6E7D36923A6600300C76E99 /* Source.swift */,
			);
			path = Model;
			sourceTree = "<group>";
		};
		A6E7D34423A5C0E700C76E99 /* ViewModel */ = {
			isa = PBXGroup;
			children = (
			);
			path = ViewModel;
			sourceTree = "<group>";
		};
		A6E7D34523A5C0F900C76E99 /* Utilities */ = {
			isa = PBXGroup;
			children = (
				A6E7D35723A5D34A00C76E99 /* Extensions.swift */,
				A6E7D35823A5D34A00C76E99 /* Plist.swift */,
			);
			path = Utilities;
			sourceTree = "<group>";
		};
		A6E7D34623A5C11300C76E99 /* Resources */ = {
			isa = PBXGroup;
			children = (
				A6C1909E23A5397C003D37AF /* Assets.xcassets */,
			);
			name = Resources;
			sourceTree = "<group>";
		};
		A6E7D34723A5C12200C76E99 /* SupportingFiles */ = {
			isa = PBXGroup;
			children = (
				A6C190A323A5397C003D37AF /* Info.plist */,
			);
			name = SupportingFiles;
			sourceTree = "<group>";
		};
		A6E7D34C23A5CA7900C76E99 /* Helpers */ = {
			isa = PBXGroup;
			children = (
			);
			path = Helpers;
			sourceTree = "<group>";
		};
		A6E7D34D23A5CA8B00C76E99 /* Common */ = {
			isa = PBXGroup;
			children = (
			);
			path = Common;
			sourceTree = "<group>";
		};
		A6E7D34E23A5CA9600C76E99 /* CollectionViewCells */ = {
			isa = PBXGroup;
			children = (
			);
			path = CollectionViewCells;
			sourceTree = "<group>";
		};
		A6E7D34F23A5CAA100C76E99 /* TableViewCells */ = {
			isa = PBXGroup;
			children = (
			);
			path = TableViewCells;
			sourceTree = "<group>";
		};
		A6E7D35023A5CAB000C76E99 /* ViewControllers */ = {
			isa = PBXGroup;
			children = (
				A6C1909623A5397C003D37AF /* ViewController.swift */,
			);
			path = ViewControllers;
			sourceTree = "<group>";
		};
		A6E7D35123A5CAEE00C76E99 /* StoryBoards */ = {
			isa = PBXGroup;
			children = (
				A6C1909823A5397C003D37AF /* Main.storyboard */,
				A6C190A023A5397C003D37AF /* LaunchScreen.storyboard */,
			);
			path = StoryBoards;
			sourceTree = "<group>";
		};
		A6E7D35223A5CBA600C76E99 /* APIProtocols */ = {
			isa = PBXGroup;
			children = (
				A6E7D35B23A5D4EC00C76E99 /* NewsAPIProtocol.swift */,
			);
			path = APIProtocols;
			sourceTree = "<group>";
		};
		F6765CC641BC53EDF9342F03 /* Pods */ = {
			isa = PBXGroup;
			children = (
				8DA64D9060DFD51EE6E2BB6F /* Pods-NEWS.debug.xcconfig */,
				04B24953FAAFB37FD5C8EDE9 /* Pods-NEWS.release.xcconfig */,
				017D41CE552011FCA817602C /* Pods-NEWS-NEWSUITests.debug.xcconfig */,
				AA9C13B4A4D415A1A4A478B7 /* Pods-NEWS-NEWSUITests.release.xcconfig */,
				7550971CC031330B03762A46 /* Pods-NEWSTests.debug.xcconfig */,
				D480AC0EB5386D65D04BB519 /* Pods-NEWSTests.release.xcconfig */,
			);
			path = Pods;
			sourceTree = "<group>";
		};
/* End PBXGroup section */

/* Begin PBXNativeTarget section */
		A6C1909023A5397C003D37AF /* NEWS */ = {
			isa = PBXNativeTarget;
			buildConfigurationList = A6C190BC23A5397C003D37AF /* Build configuration list for PBXNativeTarget "NEWS" */;
			buildPhases = (
				10991FFB6B25A0BEFC83AA7E /* [CP] Check Pods Manifest.lock */,
				A6C1908D23A5397C003D37AF /* Sources */,
				A6C1908E23A5397C003D37AF /* Frameworks */,
				A6C1908F23A5397C003D37AF /* Resources */,
				682528607FA96A2EDD46F25F /* [CP] Embed Pods Frameworks */,
			);
			buildRules = (
			);
			dependencies = (
			);
			name = NEWS;
			productName = NEWS;
			productReference = A6C1909123A5397C003D37AF /* NEWS.app */;
			productType = "com.apple.product-type.application";
		};
		A6C190A723A5397C003D37AF /* NEWSTests */ = {
			isa = PBXNativeTarget;
			buildConfigurationList = A6C190BF23A5397C003D37AF /* Build configuration list for PBXNativeTarget "NEWSTests" */;
			buildPhases = (
				82DEF601E4531D2B8A2BE34E /* [CP] Check Pods Manifest.lock */,
				A6C190A423A5397C003D37AF /* Sources */,
				A6C190A523A5397C003D37AF /* Frameworks */,
				A6C190A623A5397C003D37AF /* Resources */,
			);
			buildRules = (
			);
			dependencies = (
				A6C190AA23A5397C003D37AF /* PBXTargetDependency */,
			);
			name = NEWSTests;
			productName = NEWSTests;
			productReference = A6C190A823A5397C003D37AF /* NEWSTests.xctest */;
			productType = "com.apple.product-type.bundle.unit-test";
		};
		A6C190B223A5397C003D37AF /* NEWSUITests */ = {
			isa = PBXNativeTarget;
			buildConfigurationList = A6C190C223A5397C003D37AF /* Build configuration list for PBXNativeTarget "NEWSUITests" */;
			buildPhases = (
				8B6DEA37D23DEEAB63A926D2 /* [CP] Check Pods Manifest.lock */,
				A6C190AF23A5397C003D37AF /* Sources */,
				A6C190B023A5397C003D37AF /* Frameworks */,
				A6C190B123A5397C003D37AF /* Resources */,
				10E2FA439B969FAC79F6A016 /* [CP] Embed Pods Frameworks */,
			);
			buildRules = (
			);
			dependencies = (
				A6C190B523A5397C003D37AF /* PBXTargetDependency */,
			);
			name = NEWSUITests;
			productName = NEWSUITests;
			productReference = A6C190B323A5397C003D37AF /* NEWSUITests.xctest */;
			productType = "com.apple.product-type.bundle.ui-testing";
		};
/* End PBXNativeTarget section */

/* Begin PBXProject section */
		A6C1908923A5397C003D37AF /* Project object */ = {
			isa = PBXProject;
			attributes = {
				LastSwiftUpdateCheck = 1030;
				LastUpgradeCheck = 1030;
				ORGANIZATIONNAME = Nadeesha;
				TargetAttributes = {
					A6C1909023A5397C003D37AF = {
						CreatedOnToolsVersion = 10.3;
					};
					A6C190A723A5397C003D37AF = {
						CreatedOnToolsVersion = 10.3;
						TestTargetID = A6C1909023A5397C003D37AF;
					};
					A6C190B223A5397C003D37AF = {
						CreatedOnToolsVersion = 10.3;
						TestTargetID = A6C1909023A5397C003D37AF;
					};
				};
			};
			buildConfigurationList = A6C1908C23A5397C003D37AF /* Build configuration list for PBXProject "NEWS" */;
			compatibilityVersion = "Xcode 9.3";
			developmentRegion = en;
			hasScannedForEncodings = 0;
			knownRegions = (
				en,
				Base,
			);
			mainGroup = A6C1908823A5397C003D37AF;
			productRefGroup = A6C1909223A5397C003D37AF /* Products */;
			projectDirPath = "";
			projectRoot = "";
			targets = (
				A6C1909023A5397C003D37AF /* NEWS */,
				A6C190A723A5397C003D37AF /* NEWSTests */,
				A6C190B223A5397C003D37AF /* NEWSUITests */,
			);
		};
/* End PBXProject section */

/* Begin PBXResourcesBuildPhase section */
		A6C1908F23A5397C003D37AF /* Resources */ = {
			isa = PBXResourcesBuildPhase;
			buildActionMask = 2147483647;
			files = (
				A6C190A223A5397C003D37AF /* LaunchScreen.storyboard in Resources */,
				A6E7D35623A5CCCB00C76E99 /* Configuration.plist in Resources */,
				A6C1909F23A5397C003D37AF /* Assets.xcassets in Resources */,
				A6C1909A23A5397C003D37AF /* Main.storyboard in Resources */,
			);
			runOnlyForDeploymentPostprocessing = 0;
		};
		A6C190A623A5397C003D37AF /* Resources */ = {
			isa = PBXResourcesBuildPhase;
			buildActionMask = 2147483647;
			files = (
			);
			runOnlyForDeploymentPostprocessing = 0;
		};
		A6C190B123A5397C003D37AF /* Resources */ = {
			isa = PBXResourcesBuildPhase;
			buildActionMask = 2147483647;
			files = (
			);
			runOnlyForDeploymentPostprocessing = 0;
		};
/* End PBXResourcesBuildPhase section */

/* Begin PBXShellScriptBuildPhase section */
		10991FFB6B25A0BEFC83AA7E /* [CP] Check Pods Manifest.lock */ = {
			isa = PBXShellScriptBuildPhase;
			buildActionMask = 2147483647;
			files = (
			);
			inputFileListPaths = (
			);
			inputPaths = (
				"${PODS_PODFILE_DIR_PATH}/Podfile.lock",
				"${PODS_ROOT}/Manifest.lock",
			);
			name = "[CP] Check Pods Manifest.lock";
			outputFileListPaths = (
			);
			outputPaths = (
				"$(DERIVED_FILE_DIR)/Pods-NEWS-checkManifestLockResult.txt",
			);
			runOnlyForDeploymentPostprocessing = 0;
			shellPath = /bin/sh;
			shellScript = "diff \"${PODS_PODFILE_DIR_PATH}/Podfile.lock\" \"${PODS_ROOT}/Manifest.lock\" > /dev/null\nif [ $? != 0 ] ; then\n    # print error to STDERR\n    echo \"error: The sandbox is not in sync with the Podfile.lock. Run 'pod install' or update your CocoaPods installation.\" >&2\n    exit 1\nfi\n# This output is used by Xcode 'outputs' to avoid re-running this script phase.\necho \"SUCCESS\" > \"${SCRIPT_OUTPUT_FILE_0}\"\n";
			showEnvVarsInLog = 0;
		};
		10E2FA439B969FAC79F6A016 /* [CP] Embed Pods Frameworks */ = {
			isa = PBXShellScriptBuildPhase;
			buildActionMask = 2147483647;
			files = (
			);
			inputFileListPaths = (
				"${PODS_ROOT}/Target Support Files/Pods-NEWS-NEWSUITests/Pods-NEWS-NEWSUITests-frameworks-${CONFIGURATION}-input-files.xcfilelist",
			);
			name = "[CP] Embed Pods Frameworks";
			outputFileListPaths = (
				"${PODS_ROOT}/Target Support Files/Pods-NEWS-NEWSUITests/Pods-NEWS-NEWSUITests-frameworks-${CONFIGURATION}-output-files.xcfilelist",
			);
			runOnlyForDeploymentPostprocessing = 0;
			shellPath = /bin/sh;
			shellScript = "\"${PODS_ROOT}/Target Support Files/Pods-NEWS-NEWSUITests/Pods-NEWS-NEWSUITests-frameworks.sh\"\n";
			showEnvVarsInLog = 0;
		};
		682528607FA96A2EDD46F25F /* [CP] Embed Pods Frameworks */ = {
			isa = PBXShellScriptBuildPhase;
			buildActionMask = 2147483647;
			files = (
			);
			inputFileListPaths = (
				"${PODS_ROOT}/Target Support Files/Pods-NEWS/Pods-NEWS-frameworks-${CONFIGURATION}-input-files.xcfilelist",
			);
			name = "[CP] Embed Pods Frameworks";
			outputFileListPaths = (
				"${PODS_ROOT}/Target Support Files/Pods-NEWS/Pods-NEWS-frameworks-${CONFIGURATION}-output-files.xcfilelist",
			);
			runOnlyForDeploymentPostprocessing = 0;
			shellPath = /bin/sh;
			shellScript = "\"${PODS_ROOT}/Target Support Files/Pods-NEWS/Pods-NEWS-frameworks.sh\"\n";
			showEnvVarsInLog = 0;
		};
		82DEF601E4531D2B8A2BE34E /* [CP] Check Pods Manifest.lock */ = {
			isa = PBXShellScriptBuildPhase;
			buildActionMask = 2147483647;
			files = (
			);
			inputFileListPaths = (
			);
			inputPaths = (
				"${PODS_PODFILE_DIR_PATH}/Podfile.lock",
				"${PODS_ROOT}/Manifest.lock",
			);
			name = "[CP] Check Pods Manifest.lock";
			outputFileListPaths = (
			);
			outputPaths = (
				"$(DERIVED_FILE_DIR)/Pods-NEWSTests-checkManifestLockResult.txt",
			);
			runOnlyForDeploymentPostprocessing = 0;
			shellPath = /bin/sh;
			shellScript = "diff \"${PODS_PODFILE_DIR_PATH}/Podfile.lock\" \"${PODS_ROOT}/Manifest.lock\" > /dev/null\nif [ $? != 0 ] ; then\n    # print error to STDERR\n    echo \"error: The sandbox is not in sync with the Podfile.lock. Run 'pod install' or update your CocoaPods installation.\" >&2\n    exit 1\nfi\n# This output is used by Xcode 'outputs' to avoid re-running this script phase.\necho \"SUCCESS\" > \"${SCRIPT_OUTPUT_FILE_0}\"\n";
			showEnvVarsInLog = 0;
		};
		8B6DEA37D23DEEAB63A926D2 /* [CP] Check Pods Manifest.lock */ = {
			isa = PBXShellScriptBuildPhase;
			buildActionMask = 2147483647;
			files = (
			);
			inputFileListPaths = (
			);
			inputPaths = (
				"${PODS_PODFILE_DIR_PATH}/Podfile.lock",
				"${PODS_ROOT}/Manifest.lock",
			);
			name = "[CP] Check Pods Manifest.lock";
			outputFileListPaths = (
			);
			outputPaths = (
				"$(DERIVED_FILE_DIR)/Pods-NEWS-NEWSUITests-checkManifestLockResult.txt",
			);
			runOnlyForDeploymentPostprocessing = 0;
			shellPath = /bin/sh;
			shellScript = "diff \"${PODS_PODFILE_DIR_PATH}/Podfile.lock\" \"${PODS_ROOT}/Manifest.lock\" > /dev/null\nif [ $? != 0 ] ; then\n    # print error to STDERR\n    echo \"error: The sandbox is not in sync with the Podfile.lock. Run 'pod install' or update your CocoaPods installation.\" >&2\n    exit 1\nfi\n# This output is used by Xcode 'outputs' to avoid re-running this script phase.\necho \"SUCCESS\" > \"${SCRIPT_OUTPUT_FILE_0}\"\n";
			showEnvVarsInLog = 0;
		};
/* End PBXShellScriptBuildPhase section */

/* Begin PBXSourcesBuildPhase section */
		A6C1908D23A5397C003D37AF /* Sources */ = {
			isa = PBXSourcesBuildPhase;
			buildActionMask = 2147483647;
			files = (
				A6E7D35A23A5D34A00C76E99 /* Plist.swift in Sources */,
				A6E7D35923A5D34A00C76E99 /* Extensions.swift in Sources */,
				A6C1909723A5397C003D37AF /* ViewController.swift in Sources */,
				A6E7D35C23A5D4EC00C76E99 /* NewsAPIProtocol.swift in Sources */,
				A6E7D35523A5CCCB00C76E99 /* AppConfig.swift in Sources */,
				A6C1909523A5397C003D37AF /* AppDelegate.swift in Sources */,
				A6E7D36423A5D59B00C76E99 /* HTTPService.swift in Sources */,
				A6C1909D23A5397C003D37AF /* NEWS.xcdatamodeld in Sources */,
				A6E7D36A23A6600300C76E99 /* Source.swift in Sources */,
				A6E7D36623A65C5D00C76E99 /* NewsAPIResponse.swift in Sources */,
				A6E7D36823A65DA900C76E99 /* Article.swift in Sources */,
				A6E7D36323A5D59B00C76E99 /* RestClientError.swift in Sources */,
			);
			runOnlyForDeploymentPostprocessing = 0;
		};
		A6C190A423A5397C003D37AF /* Sources */ = {
			isa = PBXSourcesBuildPhase;
			buildActionMask = 2147483647;
			files = (
				A6C190AD23A5397C003D37AF /* NEWSTests.swift in Sources */,
			);
			runOnlyForDeploymentPostprocessing = 0;
		};
		A6C190AF23A5397C003D37AF /* Sources */ = {
			isa = PBXSourcesBuildPhase;
			buildActionMask = 2147483647;
			files = (
				A6C190B823A5397C003D37AF /* NEWSUITests.swift in Sources */,
			);
			runOnlyForDeploymentPostprocessing = 0;
		};
/* End PBXSourcesBuildPhase section */

/* Begin PBXTargetDependency section */
		A6C190AA23A5397C003D37AF /* PBXTargetDependency */ = {
			isa = PBXTargetDependency;
			target = A6C1909023A5397C003D37AF /* NEWS */;
			targetProxy = A6C190A923A5397C003D37AF /* PBXContainerItemProxy */;
		};
		A6C190B523A5397C003D37AF /* PBXTargetDependency */ = {
			isa = PBXTargetDependency;
			target = A6C1909023A5397C003D37AF /* NEWS */;
			targetProxy = A6C190B423A5397C003D37AF /* PBXContainerItemProxy */;
		};
/* End PBXTargetDependency section */

/* Begin PBXVariantGroup section */
		A6C1909823A5397C003D37AF /* Main.storyboard */ = {
			isa = PBXVariantGroup;
			children = (
				A6C1909923A5397C003D37AF /* Base */,
			);
			name = Main.storyboard;
			sourceTree = "<group>";
		};
		A6C190A023A5397C003D37AF /* LaunchScreen.storyboard */ = {
			isa = PBXVariantGroup;
			children = (
				A6C190A123A5397C003D37AF /* Base */,
			);
			name = LaunchScreen.storyboard;
			sourceTree = "<group>";
		};
/* End PBXVariantGroup section */

/* Begin XCBuildConfiguration section */
		A6C190BA23A5397C003D37AF /* Debug */ = {
			isa = XCBuildConfiguration;
			buildSettings = {
				ALWAYS_SEARCH_USER_PATHS = NO;
				CLANG_ANALYZER_NONNULL = YES;
				CLANG_ANALYZER_NUMBER_OBJECT_CONVERSION = YES_AGGRESSIVE;
				CLANG_CXX_LANGUAGE_STANDARD = "gnu++14";
				CLANG_CXX_LIBRARY = "libc++";
				CLANG_ENABLE_MODULES = YES;
				CLANG_ENABLE_OBJC_ARC = YES;
				CLANG_ENABLE_OBJC_WEAK = YES;
				CLANG_WARN_BLOCK_CAPTURE_AUTORELEASING = YES;
				CLANG_WARN_BOOL_CONVERSION = YES;
				CLANG_WARN_COMMA = YES;
				CLANG_WARN_CONSTANT_CONVERSION = YES;
				CLANG_WARN_DEPRECATED_OBJC_IMPLEMENTATIONS = YES;
				CLANG_WARN_DIRECT_OBJC_ISA_USAGE = YES_ERROR;
				CLANG_WARN_DOCUMENTATION_COMMENTS = YES;
				CLANG_WARN_EMPTY_BODY = YES;
				CLANG_WARN_ENUM_CONVERSION = YES;
				CLANG_WARN_INFINITE_RECURSION = YES;
				CLANG_WARN_INT_CONVERSION = YES;
				CLANG_WARN_NON_LITERAL_NULL_CONVERSION = YES;
				CLANG_WARN_OBJC_IMPLICIT_RETAIN_SELF = YES;
				CLANG_WARN_OBJC_LITERAL_CONVERSION = YES;
				CLANG_WARN_OBJC_ROOT_CLASS = YES_ERROR;
				CLANG_WARN_RANGE_LOOP_ANALYSIS = YES;
				CLANG_WARN_STRICT_PROTOTYPES = YES;
				CLANG_WARN_SUSPICIOUS_MOVE = YES;
				CLANG_WARN_UNGUARDED_AVAILABILITY = YES_AGGRESSIVE;
				CLANG_WARN_UNREACHABLE_CODE = YES;
				CLANG_WARN__DUPLICATE_METHOD_MATCH = YES;
				CODE_SIGN_IDENTITY = "iPhone Developer";
				COPY_PHASE_STRIP = NO;
				DEBUG_INFORMATION_FORMAT = dwarf;
				ENABLE_STRICT_OBJC_MSGSEND = YES;
				ENABLE_TESTABILITY = YES;
				GCC_C_LANGUAGE_STANDARD = gnu11;
				GCC_DYNAMIC_NO_PIC = NO;
				GCC_NO_COMMON_BLOCKS = YES;
				GCC_OPTIMIZATION_LEVEL = 0;
				GCC_PREPROCESSOR_DEFINITIONS = (
					"DEBUG=1",
					"$(inherited)",
				);
				GCC_WARN_64_TO_32_BIT_CONVERSION = YES;
				GCC_WARN_ABOUT_RETURN_TYPE = YES_ERROR;
				GCC_WARN_UNDECLARED_SELECTOR = YES;
				GCC_WARN_UNINITIALIZED_AUTOS = YES_AGGRESSIVE;
				GCC_WARN_UNUSED_FUNCTION = YES;
				GCC_WARN_UNUSED_VARIABLE = YES;
				IPHONEOS_DEPLOYMENT_TARGET = 12.4;
				MTL_ENABLE_DEBUG_INFO = INCLUDE_SOURCE;
				MTL_FAST_MATH = YES;
				ONLY_ACTIVE_ARCH = YES;
				SDKROOT = iphoneos;
				SWIFT_ACTIVE_COMPILATION_CONDITIONS = DEBUG;
				SWIFT_OPTIMIZATION_LEVEL = "-Onone";
			};
			name = Debug;
		};
		A6C190BB23A5397C003D37AF /* Release */ = {
			isa = XCBuildConfiguration;
			buildSettings = {
				ALWAYS_SEARCH_USER_PATHS = NO;
				CLANG_ANALYZER_NONNULL = YES;
				CLANG_ANALYZER_NUMBER_OBJECT_CONVERSION = YES_AGGRESSIVE;
				CLANG_CXX_LANGUAGE_STANDARD = "gnu++14";
				CLANG_CXX_LIBRARY = "libc++";
				CLANG_ENABLE_MODULES = YES;
				CLANG_ENABLE_OBJC_ARC = YES;
				CLANG_ENABLE_OBJC_WEAK = YES;
				CLANG_WARN_BLOCK_CAPTURE_AUTORELEASING = YES;
				CLANG_WARN_BOOL_CONVERSION = YES;
				CLANG_WARN_COMMA = YES;
				CLANG_WARN_CONSTANT_CONVERSION = YES;
				CLANG_WARN_DEPRECATED_OBJC_IMPLEMENTATIONS = YES;
				CLANG_WARN_DIRECT_OBJC_ISA_USAGE = YES_ERROR;
				CLANG_WARN_DOCUMENTATION_COMMENTS = YES;
				CLANG_WARN_EMPTY_BODY = YES;
				CLANG_WARN_ENUM_CONVERSION = YES;
				CLANG_WARN_INFINITE_RECURSION = YES;
				CLANG_WARN_INT_CONVERSION = YES;
				CLANG_WARN_NON_LITERAL_NULL_CONVERSION = YES;
				CLANG_WARN_OBJC_IMPLICIT_RETAIN_SELF = YES;
				CLANG_WARN_OBJC_LITERAL_CONVERSION = YES;
				CLANG_WARN_OBJC_ROOT_CLASS = YES_ERROR;
				CLANG_WARN_RANGE_LOOP_ANALYSIS = YES;
				CLANG_WARN_STRICT_PROTOTYPES = YES;
				CLANG_WARN_SUSPICIOUS_MOVE = YES;
				CLANG_WARN_UNGUARDED_AVAILABILITY = YES_AGGRESSIVE;
				CLANG_WARN_UNREACHABLE_CODE = YES;
				CLANG_WARN__DUPLICATE_METHOD_MATCH = YES;
				CODE_SIGN_IDENTITY = "iPhone Developer";
				COPY_PHASE_STRIP = NO;
				DEBUG_INFORMATION_FORMAT = "dwarf-with-dsym";
				ENABLE_NS_ASSERTIONS = NO;
				ENABLE_STRICT_OBJC_MSGSEND = YES;
				GCC_C_LANGUAGE_STANDARD = gnu11;
				GCC_NO_COMMON_BLOCKS = YES;
				GCC_WARN_64_TO_32_BIT_CONVERSION = YES;
				GCC_WARN_ABOUT_RETURN_TYPE = YES_ERROR;
				GCC_WARN_UNDECLARED_SELECTOR = YES;
				GCC_WARN_UNINITIALIZED_AUTOS = YES_AGGRESSIVE;
				GCC_WARN_UNUSED_FUNCTION = YES;
				GCC_WARN_UNUSED_VARIABLE = YES;
				IPHONEOS_DEPLOYMENT_TARGET = 12.4;
				MTL_ENABLE_DEBUG_INFO = NO;
				MTL_FAST_MATH = YES;
				SDKROOT = iphoneos;
				SWIFT_COMPILATION_MODE = wholemodule;
				SWIFT_OPTIMIZATION_LEVEL = "-O";
				VALIDATE_PRODUCT = YES;
			};
			name = Release;
		};
		A6C190BD23A5397C003D37AF /* Debug */ = {
			isa = XCBuildConfiguration;
			baseConfigurationReference = 8DA64D9060DFD51EE6E2BB6F /* Pods-NEWS.debug.xcconfig */;
			buildSettings = {
				ASSETCATALOG_COMPILER_APPICON_NAME = AppIcon;
				CODE_SIGN_STYLE = Automatic;
				DEVELOPMENT_TEAM = B546Y3TY2D;
				INFOPLIST_FILE = NEWS/Info.plist;
				LD_RUNPATH_SEARCH_PATHS = (
					"$(inherited)",
					"@executable_path/Frameworks",
				);
				PRODUCT_BUNDLE_IDENTIFIER = com.Nadeeshac32.NEWS;
				PRODUCT_NAME = "$(TARGET_NAME)";
				SWIFT_VERSION = 5.0;
				TARGETED_DEVICE_FAMILY = "1,2";
			};
			name = Debug;
		};
		A6C190BE23A5397C003D37AF /* Release */ = {
			isa = XCBuildConfiguration;
			baseConfigurationReference = 04B24953FAAFB37FD5C8EDE9 /* Pods-NEWS.release.xcconfig */;
			buildSettings = {
				ASSETCATALOG_COMPILER_APPICON_NAME = AppIcon;
				CODE_SIGN_STYLE = Automatic;
				DEVELOPMENT_TEAM = B546Y3TY2D;
				INFOPLIST_FILE = NEWS/Info.plist;
				LD_RUNPATH_SEARCH_PATHS = (
					"$(inherited)",
					"@executable_path/Frameworks",
				);
				PRODUCT_BUNDLE_IDENTIFIER = com.Nadeeshac32.NEWS;
				PRODUCT_NAME = "$(TARGET_NAME)";
				SWIFT_VERSION = 5.0;
				TARGETED_DEVICE_FAMILY = "1,2";
			};
			name = Release;
		};
		A6C190C023A5397C003D37AF /* Debug */ = {
			isa = XCBuildConfiguration;
			baseConfigurationReference = 7550971CC031330B03762A46 /* Pods-NEWSTests.debug.xcconfig */;
			buildSettings = {
				ALWAYS_EMBED_SWIFT_STANDARD_LIBRARIES = YES;
				BUNDLE_LOADER = "$(TEST_HOST)";
				CODE_SIGN_STYLE = Automatic;
				DEVELOPMENT_TEAM = B546Y3TY2D;
				INFOPLIST_FILE = NEWSTests/Info.plist;
				LD_RUNPATH_SEARCH_PATHS = (
					"$(inherited)",
					"@executable_path/Frameworks",
					"@loader_path/Frameworks",
				);
				PRODUCT_BUNDLE_IDENTIFIER = com.Nadeeshac32.NEWSTests;
				PRODUCT_NAME = "$(TARGET_NAME)";
				SWIFT_VERSION = 5.0;
				TARGETED_DEVICE_FAMILY = "1,2";
				TEST_HOST = "$(BUILT_PRODUCTS_DIR)/NEWS.app/NEWS";
			};
			name = Debug;
		};
		A6C190C123A5397C003D37AF /* Release */ = {
			isa = XCBuildConfiguration;
			baseConfigurationReference = D480AC0EB5386D65D04BB519 /* Pods-NEWSTests.release.xcconfig */;
			buildSettings = {
				ALWAYS_EMBED_SWIFT_STANDARD_LIBRARIES = YES;
				BUNDLE_LOADER = "$(TEST_HOST)";
				CODE_SIGN_STYLE = Automatic;
				DEVELOPMENT_TEAM = B546Y3TY2D;
				INFOPLIST_FILE = NEWSTests/Info.plist;
				LD_RUNPATH_SEARCH_PATHS = (
					"$(inherited)",
					"@executable_path/Frameworks",
					"@loader_path/Frameworks",
				);
				PRODUCT_BUNDLE_IDENTIFIER = com.Nadeeshac32.NEWSTests;
				PRODUCT_NAME = "$(TARGET_NAME)";
				SWIFT_VERSION = 5.0;
				TARGETED_DEVICE_FAMILY = "1,2";
				TEST_HOST = "$(BUILT_PRODUCTS_DIR)/NEWS.app/NEWS";
			};
			name = Release;
		};
		A6C190C323A5397C003D37AF /* Debug */ = {
			isa = XCBuildConfiguration;
			baseConfigurationReference = 017D41CE552011FCA817602C /* Pods-NEWS-NEWSUITests.debug.xcconfig */;
			buildSettings = {
				ALWAYS_EMBED_SWIFT_STANDARD_LIBRARIES = YES;
				CODE_SIGN_STYLE = Automatic;
				DEVELOPMENT_TEAM = B546Y3TY2D;
				INFOPLIST_FILE = NEWSUITests/Info.plist;
				LD_RUNPATH_SEARCH_PATHS = (
					"$(inherited)",
					"@executable_path/Frameworks",
					"@loader_path/Frameworks",
				);
				PRODUCT_BUNDLE_IDENTIFIER = com.Nadeeshac32.NEWSUITests;
				PRODUCT_NAME = "$(TARGET_NAME)";
				SWIFT_VERSION = 5.0;
				TARGETED_DEVICE_FAMILY = "1,2";
				TEST_TARGET_NAME = NEWS;
			};
			name = Debug;
		};
		A6C190C423A5397C003D37AF /* Release */ = {
			isa = XCBuildConfiguration;
			baseConfigurationReference = AA9C13B4A4D415A1A4A478B7 /* Pods-NEWS-NEWSUITests.release.xcconfig */;
			buildSettings = {
				ALWAYS_EMBED_SWIFT_STANDARD_LIBRARIES = YES;
				CODE_SIGN_STYLE = Automatic;
				DEVELOPMENT_TEAM = B546Y3TY2D;
				INFOPLIST_FILE = NEWSUITests/Info.plist;
				LD_RUNPATH_SEARCH_PATHS = (
					"$(inherited)",
					"@executable_path/Frameworks",
					"@loader_path/Frameworks",
				);
				PRODUCT_BUNDLE_IDENTIFIER = com.Nadeeshac32.NEWSUITests;
				PRODUCT_NAME = "$(TARGET_NAME)";
				SWIFT_VERSION = 5.0;
				TARGETED_DEVICE_FAMILY = "1,2";
				TEST_TARGET_NAME = NEWS;
			};
			name = Release;
		};
/* End XCBuildConfiguration section */

/* Begin XCConfigurationList section */
		A6C1908C23A5397C003D37AF /* Build configuration list for PBXProject "NEWS" */ = {
			isa = XCConfigurationList;
			buildConfigurations = (
				A6C190BA23A5397C003D37AF /* Debug */,
				A6C190BB23A5397C003D37AF /* Release */,
			);
			defaultConfigurationIsVisible = 0;
			defaultConfigurationName = Release;
		};
		A6C190BC23A5397C003D37AF /* Build configuration list for PBXNativeTarget "NEWS" */ = {
			isa = XCConfigurationList;
			buildConfigurations = (
				A6C190BD23A5397C003D37AF /* Debug */,
				A6C190BE23A5397C003D37AF /* Release */,
			);
			defaultConfigurationIsVisible = 0;
			defaultConfigurationName = Release;
		};
		A6C190BF23A5397C003D37AF /* Build configuration list for PBXNativeTarget "NEWSTests" */ = {
			isa = XCConfigurationList;
			buildConfigurations = (
				A6C190C023A5397C003D37AF /* Debug */,
				A6C190C123A5397C003D37AF /* Release */,
			);
			defaultConfigurationIsVisible = 0;
			defaultConfigurationName = Release;
		};
		A6C190C223A5397C003D37AF /* Build configuration list for PBXNativeTarget "NEWSUITests" */ = {
			isa = XCConfigurationList;
			buildConfigurations = (
				A6C190C323A5397C003D37AF /* Debug */,
				A6C190C423A5397C003D37AF /* Release */,
			);
			defaultConfigurationIsVisible = 0;
			defaultConfigurationName = Release;
		};
/* End XCConfigurationList section */

/* Begin XCVersionGroup section */
		A6C1909B23A5397C003D37AF /* NEWS.xcdatamodeld */ = {
			isa = XCVersionGroup;
			children = (
				A6C1909C23A5397C003D37AF /* NEWS.xcdatamodel */,
			);
			currentVersion = A6C1909C23A5397C003D37AF /* NEWS.xcdatamodel */;
			path = NEWS.xcdatamodeld;
			sourceTree = "<group>";
			versionGroupType = wrapper.xcdatamodel;
		};
/* End XCVersionGroup section */
	};
	rootObject = A6C1908923A5397C003D37AF /* Project object */;
}
